
Microsoft Visual Studio Solution File, Format Version 12.00
# Blend for Visual Studio Version 16
VisualStudioVersion = 16.0.32901.82
MinimumVisualStudioVersion = 10.0.40219.1
Project("{9A19103F-16F7-4668-BE54-9A1E7A4F7556}") = "UnitsConverterApp", "UnitsConverterApp\UnitsConverterApp.csproj", "{8E872053-5A31-4D8D-B6C4-ECCECC6C1590}"
EndProject
Global
	GlobalSection(SolutionConfigurationPlatforms) = preSolution
		Debug|Any CPU = Debug|Any CPU
		Release|Any CPU = Release|Any CPU
	EndGlobalSection
	GlobalSection(ProjectConfigurationPlatforms) = postSolution
		{8E872053-5A31-4D8D-B6C4-ECCECC6C1590}.Debug|Any CPU.ActiveCfg = Debug|Any CPU
		{8E872053-5A31-4D8D-B6C4-ECCECC6C1590}.Debug|Any CPU.Build.0 = Debug|Any CPU
		{8E872053-5A31-4D8D-B6C4-ECCECC6C1590}.Release|Any CPU.ActiveCfg = Release|Any CPU
		{8E872053-5A31-4D8D-B6C4-ECCECC6C1590}.Release|Any CPU.Build.0 = Release|Any CPU
	EndGlobalSection
	GlobalSection(SolutionProperties) = preSolution
		HideSolutionNode = FALSE
	EndGlobalSection
	GlobalSection(ExtensibilityGlobals) = postSolution
		SolutionGuid = {95FF5DB2-8D21-4640-A589-E9180ABA3DA6}
	EndGlobalSection
EndGlobal
